
Microsoft Visual Studio Solution File, Format Version 12.00
# Visual Studio Version 16
VisualStudioVersion = 16.0.30503.244
MinimumVisualStudioVersion = 10.0.40219.1
Project("{FAE04EC0-301F-11D3-BF4B-00C04F79EFBC}") = "Salon", "Salon\Salon.csproj", "{4A871FF9-3A6A-4EFE-A869-18E3DD429EBB}"
EndProject
Global
	GlobalSection(SolutionConfigurationPlatforms) = preSolution
		Debug|Any CPU = Debug|Any CPU
		Release|Any CPU = Release|Any CPU
	EndGlobalSection
	GlobalSection(ProjectConfigurationPlatforms) = postSolution
		{4A871FF9-3A6A-4EFE-A869-18E3DD429EBB}.Debug|Any CPU.ActiveCfg = Debug|Any CPU
		{4A871FF9-3A6A-4EFE-A869-18E3DD429EBB}.Debug|Any CPU.Build.0 = Debug|Any CPU
		{4A871FF9-3A6A-4EFE-A869-18E3DD429EBB}.Release|Any CPU.ActiveCfg = Release|Any CPU
		{4A871FF9-3A6A-4EFE-A869-18E3DD429EBB}.Release|Any CPU.Build.0 = Release|Any CPU
	EndGlobalSection
	GlobalSection(SolutionProperties) = preSolution
		HideSolutionNode = FALSE
	EndGlobalSection
	GlobalSection(ExtensibilityGlobals) = postSolution
		SolutionGuid = {40150D6F-D00F-4423-A447-53A8772D849B}
	EndGlobalSection
EndGlobal
